// !$*UTF8*$!
{
	archiveVersion = 1;
	classes = {
	};
	objectVersion = 70;
	objects = {

/* Begin PBXBuildFile section */
		A1B2C3D4E5F6000000000030 /* SkrivDetApp.swift in Sources */ = {isa = PBXBuildFile; fileRef = A1B2C3D4E5F6000000000021 /* SkrivDetApp.swift */; };
		A1B2C3D4E5F6000000000031 /* AppModels.swift in Sources */ = {isa = PBXBuildFile; fileRef = A1B2C3D4E5F6000000000022 /* AppModels.swift */; };
		A1B2C3D4E5F6000000000032 /* AppStores.swift in Sources */ = {isa = PBXBuildFile; fileRef = A1B2C3D4E5F6000000000023 /* AppStores.swift */; };
		A1B2C3D4E5F6000000000033 /* SupportServices.swift in Sources */ = {isa = PBXBuildFile; fileRef = A1B2C3D4E5F6000000000024 /* SupportServices.swift */; };
		A1B2C3D4E5F6000000000034 /* RecordingPipeline.swift in Sources */ = {isa = PBXBuildFile; fileRef = A1B2C3D4E5F6000000000025 /* RecordingPipeline.swift */; };
		A1B2C3D4E5F6000000000035 /* RootView.swift in Sources */ = {isa = PBXBuildFile; fileRef = A1B2C3D4E5F6000000000026 /* RootView.swift */; };
		A1B2C3D4E5F6000000000036 /* MeetingScreens.swift in Sources */ = {isa = PBXBuildFile; fileRef = A1B2C3D4E5F6000000000027 /* MeetingScreens.swift */; };
		A1B2C3D4E5F6000000000037 /* LocalizationSupport.swift in Sources */ = {isa = PBXBuildFile; fileRef = A1B2C3D4E5F6000000000029 /* LocalizationSupport.swift */; };
		A1B2C3D4E5F6000000000038 /* Localizable.strings in Resources */ = {isa = PBXBuildFile; fileRef = A1B2C3D4E5F600000000002A /* Localizable.strings */; };
		A1B2C3D4E5F6000000000039 /* Assets.xcassets in Resources */ = {isa = PBXBuildFile; fileRef = A1B2C3D4E5F600000000002C /* Assets.xcassets */; };
		A1B2C3D4E5F6000000000051 /* TemplateSystem.swift in Sources */ = {isa = PBXBuildFile; fileRef = A1B2C3D4E5F6000000000050 /* TemplateSystem.swift */; };
		A1B2C3D4E5F6000000000053 /* Templates in Resources */ = {isa = PBXBuildFile; fileRef = A1B2C3D4E5F6000000000052 /* Templates */; };
		A1B2C3D4E5F6000000000063 /* LaunchScreenStartup.storyboard in Resources */ = {isa = PBXBuildFile; fileRef = A1B2C3D4E5F6000000000062 /* LaunchScreenStartup.storyboard */; };
		A1B2C3D4E5F6000000000065 /* StartupLaunchLogo.png in Resources */ = {isa = PBXBuildFile; fileRef = A1B2C3D4E5F6000000000064 /* StartupLaunchLogo.png */; };
		A1B2C3D4E5F6000000000067 /* StartupLaunchLogo@2x.png in Resources */ = {isa = PBXBuildFile; fileRef = A1B2C3D4E5F6000000000066 /* StartupLaunchLogo@2x.png */; };
		A1B2C3D4E5F6000000000069 /* StartupLaunchLogo@3x.png in Resources */ = {isa = PBXBuildFile; fileRef = A1B2C3D4E5F6000000000068 /* StartupLaunchLogo@3x.png */; };
/* End PBXBuildFile section */

/* Begin PBXFileReference section */
		95D3AB3698F262352EC72EC3 /* Pods-skrivDET.debug.xcconfig */ = {isa = PBXFileReference; includeInIndex = 1; lastKnownFileType = text.xcconfig; name = "Pods-skrivDET.debug.xcconfig"; path = "Target Support Files/Pods-skrivDET/Pods-skrivDET.debug.xcconfig"; sourceTree = "<group>"; };
		A1B2C3D4E5F6000000000009 /* skrivDet.app */ = {isa = PBXFileReference; explicitFileType = wrapper.application; includeInIndex = 0; path = skrivDet.app; sourceTree = BUILT_PRODUCTS_DIR; };
		A1B2C3D4E5F6000000000021 /* SkrivDetApp.swift */ = {isa = PBXFileReference; lastKnownFileType = sourcecode.swift; path = SkrivDetApp.swift; sourceTree = "<group>"; };
		A1B2C3D4E5F6000000000022 /* AppModels.swift */ = {isa = PBXFileReference; lastKnownFileType = sourcecode.swift; path = AppModels.swift; sourceTree = "<group>"; };
		A1B2C3D4E5F6000000000023 /* AppStores.swift */ = {isa = PBXFileReference; lastKnownFileType = sourcecode.swift; path = AppStores.swift; sourceTree = "<group>"; };
		A1B2C3D4E5F6000000000024 /* SupportServices.swift */ = {isa = PBXFileReference; lastKnownFileType = sourcecode.swift; path = SupportServices.swift; sourceTree = "<group>"; };
		A1B2C3D4E5F6000000000025 /* RecordingPipeline.swift */ = {isa = PBXFileReference; lastKnownFileType = sourcecode.swift; path = RecordingPipeline.swift; sourceTree = "<group>"; };
		A1B2C3D4E5F6000000000026 /* RootView.swift */ = {isa = PBXFileReference; lastKnownFileType = sourcecode.swift; path = RootView.swift; sourceTree = "<group>"; };
		A1B2C3D4E5F6000000000027 /* MeetingScreens.swift */ = {isa = PBXFileReference; lastKnownFileType = sourcecode.swift; path = MeetingScreens.swift; sourceTree = "<group>"; };
		A1B2C3D4E5F6000000000028 /* Info.plist */ = {isa = PBXFileReference; lastKnownFileType = text.plist.xml; path = Info.plist; sourceTree = "<group>"; };
		A1B2C3D4E5F6000000000029 /* LocalizationSupport.swift */ = {isa = PBXFileReference; lastKnownFileType = sourcecode.swift; path = LocalizationSupport.swift; sourceTree = "<group>"; };
		A1B2C3D4E5F600000000002B /* nb */ = {isa = PBXFileReference; lastKnownFileType = text.plist.strings; name = nb; path = nb.lproj/Localizable.strings; sourceTree = "<group>"; };
		A1B2C3D4E5F600000000002C /* Assets.xcassets */ = {isa = PBXFileReference; lastKnownFileType = folder.assetcatalog; path = Assets.xcassets; sourceTree = "<group>"; };
		A1B2C3D4E5F6000000000050 /* TemplateSystem.swift */ = {isa = PBXFileReference; lastKnownFileType = sourcecode.swift; path = TemplateSystem.swift; sourceTree = "<group>"; };
		A1B2C3D4E5F6000000000052 /* Templates */ = {isa = PBXFileReference; lastKnownFileType = folder; name = Templates; path = Resources/Templates; sourceTree = "<group>"; };
		A1B2C3D4E5F6000000000062 /* LaunchScreenStartup.storyboard */ = {isa = PBXFileReference; lastKnownFileType = file.storyboard; path = Base.lproj/LaunchScreenStartup.storyboard; sourceTree = "<group>"; };
		A1B2C3D4E5F6000000000064 /* StartupLaunchLogo.png */ = {isa = PBXFileReference; lastKnownFileType = image.png; path = StartupLaunchLogo.png; sourceTree = "<group>"; };
		A1B2C3D4E5F6000000000066 /* StartupLaunchLogo@2x.png */ = {isa = PBXFileReference; lastKnownFileType = image.png; path = "StartupLaunchLogo@2x.png"; sourceTree = "<group>"; };
		A1B2C3D4E5F6000000000068 /* StartupLaunchLogo@3x.png */ = {isa = PBXFileReference; lastKnownFileType = image.png; path = "StartupLaunchLogo@3x.png"; sourceTree = "<group>"; };
		EE22D83D122F4037CC0865FD /* Pods_skrivDET.framework */ = {isa = PBXFileReference; explicitFileType = wrapper.framework; includeInIndex = 0; path = Pods_skrivDET.framework; sourceTree = BUILT_PRODUCTS_DIR; };
		FE803075325925AD1BFDE1BF /* Pods-skrivDET.release.xcconfig */ = {isa = PBXFileReference; includeInIndex = 1; lastKnownFileType = text.xcconfig; name = "Pods-skrivDET.release.xcconfig"; path = "Target Support Files/Pods-skrivDET/Pods-skrivDET.release.xcconfig"; sourceTree = "<group>"; };
/* End PBXFileReference section */

/* Begin PBXFrameworksBuildPhase section */
		A1B2C3D4E5F6000000000014 /* Frameworks */ = {
			isa = PBXFrameworksBuildPhase;
			buildActionMask = 2147483647;
			files = (
			);
			runOnlyForDeploymentPostprocessing = 0;
		};
/* End PBXFrameworksBuildPhase section */

/* Begin PBXGroup section */
		05F31015C531A489EDF4D1D4 /* Pods */ = {
			isa = PBXGroup;
			children = (
				95D3AB3698F262352EC72EC3 /* Pods-skrivDET.debug.xcconfig */,
				FE803075325925AD1BFDE1BF /* Pods-skrivDET.release.xcconfig */,
			);
			path = Pods;
			sourceTree = "<group>";
		};
		60BA278D726ADE1A13AE2BE3 /* Frameworks */ = {
			isa = PBXGroup;
			children = (
				EE22D83D122F4037CC0865FD /* Pods_skrivDET.framework */,
			);
			name = Frameworks;
			sourceTree = "<group>";
		};
		A1B2C3D4E5F6000000000002 = {
			isa = PBXGroup;
			children = (
				A1B2C3D4E5F6000000000004 /* skrivDET */,
				A1B2C3D4E5F6000000000003 /* Products */,
				05F31015C531A489EDF4D1D4 /* Pods */,
				60BA278D726ADE1A13AE2BE3 /* Frameworks */,
			);
			sourceTree = "<group>";
		};
		A1B2C3D4E5F6000000000003 /* Products */ = {
			isa = PBXGroup;
			children = (
				A1B2C3D4E5F6000000000009 /* skrivDet.app */,
			);
			name = Products;
			sourceTree = "<group>";
		};
		A1B2C3D4E5F6000000000004 /* skrivDET */ = {
			isa = PBXGroup;
			children = (
				A1B2C3D4E5F6000000000021 /* SkrivDetApp.swift */,
				A1B2C3D4E5F6000000000029 /* LocalizationSupport.swift */,
				A1B2C3D4E5F6000000000005 /* Models */,
				A1B2C3D4E5F6000000000006 /* Stores */,
				A1B2C3D4E5F6000000000007 /* Services */,
				A1B2C3D4E5F6000000000008 /* Views */,
				A1B2C3D4E5F6000000000052 /* Templates */,
				A1B2C3D4E5F600000000002A /* Localizable.strings */,
				A1B2C3D4E5F600000000002C /* Assets.xcassets */,
				A1B2C3D4E5F6000000000062 /* LaunchScreenStartup.storyboard */,
				A1B2C3D4E5F6000000000064 /* StartupLaunchLogo.png */,
				A1B2C3D4E5F6000000000066 /* StartupLaunchLogo@2x.png */,
				A1B2C3D4E5F6000000000068 /* StartupLaunchLogo@3x.png */,
				A1B2C3D4E5F6000000000028 /* Info.plist */,
			);
			path = skrivDET;
			sourceTree = "<group>";
		};
		A1B2C3D4E5F6000000000005 /* Models */ = {
			isa = PBXGroup;
			children = (
				A1B2C3D4E5F6000000000022 /* AppModels.swift */,
			);
			path = Models;
			sourceTree = "<group>";
		};
		A1B2C3D4E5F6000000000006 /* Stores */ = {
			isa = PBXGroup;
			children = (
				A1B2C3D4E5F6000000000023 /* AppStores.swift */,
			);
			path = Stores;
			sourceTree = "<group>";
		};
		A1B2C3D4E5F6000000000007 /* Services */ = {
			isa = PBXGroup;
			children = (
				A1B2C3D4E5F6000000000024 /* SupportServices.swift */,
				A1B2C3D4E5F6000000000025 /* RecordingPipeline.swift */,
				A1B2C3D4E5F6000000000050 /* TemplateSystem.swift */,
			);
			path = Services;
			sourceTree = "<group>";
		};
		A1B2C3D4E5F6000000000008 /* Views */ = {
			isa = PBXGroup;
			children = (
				A1B2C3D4E5F6000000000026 /* RootView.swift */,
				A1B2C3D4E5F6000000000027 /* MeetingScreens.swift */,
			);
			path = Views;
			sourceTree = "<group>";
		};
/* End PBXGroup section */

/* Begin PBXNativeTarget section */
		A1B2C3D4E5F6000000000011 /* skrivDET */ = {
			isa = PBXNativeTarget;
			buildConfigurationList = A1B2C3D4E5F6000000000012 /* Build configuration list for PBXNativeTarget "skrivDET" */;
			buildPhases = (
				EEFDD8E5C883B4E0A437C2A0 /* [CP] Check Pods Manifest.lock */,
				A1B2C3D4E5F6000000000013 /* Sources */,
				A1B2C3D4E5F6000000000014 /* Frameworks */,
				A1B2C3D4E5F6000000000015 /* Resources */,
				E3A2F065320F736FCC8CD866 /* [CP] Embed Pods Frameworks */,
			);
			buildRules = (
			);
			dependencies = (
			);
			name = skrivDET;
			productName = skrivDet;
			productReference = A1B2C3D4E5F6000000000009 /* skrivDet.app */;
			productType = "com.apple.product-type.application";
		};
/* End PBXNativeTarget section */

/* Begin PBXProject section */
		A1B2C3D4E5F6000000000001 /* Project object */ = {
			isa = PBXProject;
			attributes = {
				BuildIndependentTargetsInParallel = 1;
				LastSwiftUpdateCheck = 2600;
				LastUpgradeCheck = 2600;
				TargetAttributes = {
					A1B2C3D4E5F6000000000011 = {
						CreatedOnToolsVersion = 26.0;
					};
				};
			};
			buildConfigurationList = A1B2C3D4E5F6000000000010 /* Build configuration list for PBXProject "skrivDET" */;
			compatibilityVersion = "Xcode 16.0.Superseded.1";
			developmentRegion = en;
			hasScannedForEncodings = 0;
			knownRegions = (
				en,
				nb,
				Base,
			);
			mainGroup = A1B2C3D4E5F6000000000002;
			productRefGroup = A1B2C3D4E5F6000000000003 /* Products */;
			projectDirPath = "";
			projectRoot = "";
			targets = (
				A1B2C3D4E5F6000000000011 /* skrivDET */,
			);
		};
/* End PBXProject section */

/* Begin PBXResourcesBuildPhase section */
		A1B2C3D4E5F6000000000015 /* Resources */ = {
			isa = PBXResourcesBuildPhase;
			buildActionMask = 2147483647;
			files = (
				A1B2C3D4E5F6000000000039 /* Assets.xcassets in Resources */,
				A1B2C3D4E5F6000000000063 /* LaunchScreenStartup.storyboard in Resources */,
				A1B2C3D4E5F6000000000065 /* StartupLaunchLogo.png in Resources */,
				A1B2C3D4E5F6000000000067 /* StartupLaunchLogo@2x.png in Resources */,
				A1B2C3D4E5F6000000000069 /* StartupLaunchLogo@3x.png in Resources */,
				A1B2C3D4E5F6000000000053 /* Templates in Resources */,
				A1B2C3D4E5F6000000000038 /* Localizable.strings in Resources */,
			);
			runOnlyForDeploymentPostprocessing = 0;
		};
/* End PBXResourcesBuildPhase section */

/* Begin PBXShellScriptBuildPhase section */
		E3A2F065320F736FCC8CD866 /* [CP] Embed Pods Frameworks */ = {
			isa = PBXShellScriptBuildPhase;
			buildActionMask = 2147483647;
			files = (
			);
			inputFileListPaths = (
				"${PODS_ROOT}/Target Support Files/Pods-skrivDET/Pods-skrivDET-frameworks-${CONFIGURATION}-input-files.xcfilelist",
			);
			name = "[CP] Embed Pods Frameworks";
			outputFileListPaths = (
				"${PODS_ROOT}/Target Support Files/Pods-skrivDET/Pods-skrivDET-frameworks-${CONFIGURATION}-output-files.xcfilelist",
			);
			runOnlyForDeploymentPostprocessing = 0;
			shellPath = /bin/sh;
			shellScript = "\"${PODS_ROOT}/Target Support Files/Pods-skrivDET/Pods-skrivDET-frameworks.sh\"\n";
			showEnvVarsInLog = 0;
		};
		EEFDD8E5C883B4E0A437C2A0 /* [CP] Check Pods Manifest.lock */ = {
			isa = PBXShellScriptBuildPhase;
			buildActionMask = 2147483647;
			files = (
			);
			inputFileListPaths = (
			);
			inputPaths = (
				"${PODS_PODFILE_DIR_PATH}/Podfile.lock",
				"${PODS_ROOT}/Manifest.lock",
			);
			name = "[CP] Check Pods Manifest.lock";
			outputFileListPaths = (
			);
			outputPaths = (
				"$(DERIVED_FILE_DIR)/Pods-skrivDET-checkManifestLockResult.txt",
			);
			runOnlyForDeploymentPostprocessing = 0;
			shellPath = /bin/sh;
			shellScript = "diff \"${PODS_PODFILE_DIR_PATH}/Podfile.lock\" \"${PODS_ROOT}/Manifest.lock\" > /dev/null\nif [ $? != 0 ] ; then\n    # print error to STDERR\n    echo \"error: The sandbox is not in sync with the Podfile.lock. Run 'pod install' or update your CocoaPods installation.\" >&2\n    exit 1\nfi\n# This output is used by Xcode 'outputs' to avoid re-running this script phase.\necho \"SUCCESS\" > \"${SCRIPT_OUTPUT_FILE_0}\"\n";
			showEnvVarsInLog = 0;
		};
/* End PBXShellScriptBuildPhase section */

/* Begin PBXSourcesBuildPhase section */
		A1B2C3D4E5F6000000000013 /* Sources */ = {
			isa = PBXSourcesBuildPhase;
			buildActionMask = 2147483647;
			files = (
				A1B2C3D4E5F6000000000030 /* SkrivDetApp.swift in Sources */,
				A1B2C3D4E5F6000000000031 /* AppModels.swift in Sources */,
				A1B2C3D4E5F6000000000032 /* AppStores.swift in Sources */,
				A1B2C3D4E5F6000000000033 /* SupportServices.swift in Sources */,
				A1B2C3D4E5F6000000000034 /* RecordingPipeline.swift in Sources */,
				A1B2C3D4E5F6000000000051 /* TemplateSystem.swift in Sources */,
				A1B2C3D4E5F6000000000035 /* RootView.swift in Sources */,
				A1B2C3D4E5F6000000000036 /* MeetingScreens.swift in Sources */,
				A1B2C3D4E5F6000000000037 /* LocalizationSupport.swift in Sources */,
			);
			runOnlyForDeploymentPostprocessing = 0;
		};
/* End PBXSourcesBuildPhase section */

/* Begin PBXVariantGroup section */
		A1B2C3D4E5F600000000002A /* Localizable.strings */ = {
			isa = PBXVariantGroup;
			children = (
				A1B2C3D4E5F600000000002B /* nb */,
			);
			name = Localizable.strings;
			sourceTree = "<group>";
		};
/* End PBXVariantGroup section */

/* Begin XCBuildConfiguration section */
		A1B2C3D4E5F6000000000016 /* Debug */ = {
			isa = XCBuildConfiguration;
			buildSettings = {
				ALWAYS_SEARCH_USER_PATHS = NO;
				CLANG_ENABLE_MODULES = YES;
				CLANG_ENABLE_OBJC_ARC = YES;
				CLANG_WARN_DOCUMENTATION_COMMENTS = YES;
				CLANG_WARN_UNGUARDED_AVAILABILITY = YES_AGGRESSIVE;
				COPY_PHASE_STRIP = NO;
				DEBUG_INFORMATION_FORMAT = dwarf;
				ENABLE_STRICT_OBJC_MSGSEND = YES;
				GCC_C_LANGUAGE_STANDARD = gnu17;
				GCC_NO_COMMON_BLOCKS = YES;
				GCC_OPTIMIZATION_LEVEL = 0;
				GCC_PREPROCESSOR_DEFINITIONS = (
					"DEBUG=1",
					"$(inherited)",
				);
				MTL_ENABLE_DEBUG_INFO = INCLUDE_SOURCE;
				ONLY_ACTIVE_ARCH = YES;
				SDKROOT = iphoneos;
				SWIFT_ACTIVE_COMPILATION_CONDITIONS = "DEBUG $(inherited)";
				SWIFT_OPTIMIZATION_LEVEL = "-Onone";
			};
			name = Debug;
		};
		A1B2C3D4E5F6000000000017 /* Release */ = {
			isa = XCBuildConfiguration;
			buildSettings = {
				ALWAYS_SEARCH_USER_PATHS = NO;
				CLANG_ENABLE_MODULES = YES;
				CLANG_ENABLE_OBJC_ARC = YES;
				CLANG_WARN_DOCUMENTATION_COMMENTS = YES;
				CLANG_WARN_UNGUARDED_AVAILABILITY = YES_AGGRESSIVE;
				COPY_PHASE_STRIP = NO;
				DEBUG_INFORMATION_FORMAT = "dwarf-with-dsym";
				ENABLE_NS_ASSERTIONS = NO;
				ENABLE_STRICT_OBJC_MSGSEND = YES;
				GCC_C_LANGUAGE_STANDARD = gnu17;
				GCC_NO_COMMON_BLOCKS = YES;
				MTL_ENABLE_DEBUG_INFO = NO;
				SDKROOT = iphoneos;
				SWIFT_COMPILATION_MODE = wholemodule;
				SWIFT_OPTIMIZATION_LEVEL = "-O";
				VALIDATE_PRODUCT = YES;
			};
			name = Release;
		};
		A1B2C3D4E5F6000000000018 /* Debug */ = {
			isa = XCBuildConfiguration;
			baseConfigurationReference = 95D3AB3698F262352EC72EC3 /* Pods-skrivDET.debug.xcconfig */;
			buildSettings = {
				ASSETCATALOG_COMPILER_APPICON_NAME = AppIconSkrivDET;
				ASSETCATALOG_COMPILER_GENERATE_SWIFT_ASSET_SYMBOL_EXTENSIONS = YES;
				CODE_SIGN_IDENTITY = "Apple Development";
				CODE_SIGN_STYLE = Automatic;
				CURRENT_PROJECT_VERSION = 8;
				DEVELOPMENT_LANGUAGE = en;
				DEVELOPMENT_TEAM = 96BH43FPQ2;
				ENABLE_PREVIEWS = YES;
				FRAMEWORK_SEARCH_PATHS = "$(inherited)";
				"FRAMEWORK_SEARCH_PATHS[sdk=iphoneos*]" = (
					"$(inherited)",
					"$(SRCROOT)/Pods/MicrosoftCognitiveServicesSpeech-iOS/MicrosoftCognitiveServicesSpeech.xcframework/ios-arm64",
				);
				"FRAMEWORK_SEARCH_PATHS[sdk=iphonesimulator*]" = (
					"$(inherited)",
					"$(SRCROOT)/Pods/MicrosoftCognitiveServicesSpeech-iOS/MicrosoftCognitiveServicesSpeech.xcframework/ios-arm64_x86_64-simulator",
				);
				GENERATE_INFOPLIST_FILE = NO;
				INFOPLIST_FILE = skrivDET/Info.plist;
				INFOPLIST_KEY_UIApplicationSupportsIndirectInputEvents = YES;
				IPHONEOS_DEPLOYMENT_TARGET = 17.0;
				LD_RUNPATH_SEARCH_PATHS = (
					"$(inherited)",
					"@executable_path/Frameworks",
				);
				MARKETING_VERSION = 1.0.1;
				PRODUCT_BUNDLE_IDENTIFIER = com.kjellmagnegabrielsen.skrivdet;
				PRODUCT_NAME = skrivDet;
				PROVISIONING_PROFILE_SPECIFIER = "";
				SUPPORTED_PLATFORMS = "iphonesimulator iphoneos";
				SWIFT_EMIT_LOC_STRINGS = YES;
				SWIFT_INCLUDE_PATHS = "$(inherited)";
				"SWIFT_INCLUDE_PATHS[sdk=iphoneos*]" = "$(inherited) $(SRCROOT)/Pods/MicrosoftCognitiveServicesSpeech-iOS/MicrosoftCognitiveServicesSpeech.xcframework/ios-arm64";
				"SWIFT_INCLUDE_PATHS[sdk=iphonesimulator*]" = "$(inherited) $(SRCROOT)/Pods/MicrosoftCognitiveServicesSpeech-iOS/MicrosoftCognitiveServicesSpeech.xcframework/ios-arm64_x86_64-simulator";
				SWIFT_VERSION = 6.0;
				TARGETED_DEVICE_FAMILY = 1;
			};
			name = Debug;
		};
		A1B2C3D4E5F6000000000019 /* Release */ = {
			isa = XCBuildConfiguration;
			baseConfigurationReference = FE803075325925AD1BFDE1BF /* Pods-skrivDET.release.xcconfig */;
			buildSettings = {
				ASSETCATALOG_COMPILER_APPICON_NAME = AppIconSkrivDET;
				ASSETCATALOG_COMPILER_GENERATE_SWIFT_ASSET_SYMBOL_EXTENSIONS = YES;
				CODE_SIGN_IDENTITY = "Apple Development";
				CODE_SIGN_STYLE = Automatic;
				CURRENT_PROJECT_VERSION = 8;
				DEVELOPMENT_LANGUAGE = en;
				DEVELOPMENT_TEAM = 96BH43FPQ2;
				ENABLE_PREVIEWS = YES;
				FRAMEWORK_SEARCH_PATHS = "$(inherited)";
				"FRAMEWORK_SEARCH_PATHS[sdk=iphoneos*]" = (
					"$(inherited)",
					"$(SRCROOT)/Pods/MicrosoftCognitiveServicesSpeech-iOS/MicrosoftCognitiveServicesSpeech.xcframework/ios-arm64",
				);
				"FRAMEWORK_SEARCH_PATHS[sdk=iphonesimulator*]" = (
					"$(inherited)",
					"$(SRCROOT)/Pods/MicrosoftCognitiveServicesSpeech-iOS/MicrosoftCognitiveServicesSpeech.xcframework/ios-arm64_x86_64-simulator",
				);
				GENERATE_INFOPLIST_FILE = NO;
				INFOPLIST_FILE = skrivDET/Info.plist;
				INFOPLIST_KEY_UIApplicationSupportsIndirectInputEvents = YES;
				IPHONEOS_DEPLOYMENT_TARGET = 17.0;
				LD_RUNPATH_SEARCH_PATHS = (
					"$(inherited)",
					"@executable_path/Frameworks",
				);
				MARKETING_VERSION = 1.0.1;
				PRODUCT_BUNDLE_IDENTIFIER = com.kjellmagnegabrielsen.skrivdet;
				PRODUCT_NAME = skrivDet;
				PROVISIONING_PROFILE_SPECIFIER = "";
				SUPPORTED_PLATFORMS = "iphonesimulator iphoneos";
				SWIFT_EMIT_LOC_STRINGS = YES;
				SWIFT_INCLUDE_PATHS = "$(inherited)";
				"SWIFT_INCLUDE_PATHS[sdk=iphoneos*]" = "$(inherited) $(SRCROOT)/Pods/MicrosoftCognitiveServicesSpeech-iOS/MicrosoftCognitiveServicesSpeech.xcframework/ios-arm64";
				"SWIFT_INCLUDE_PATHS[sdk=iphonesimulator*]" = "$(inherited) $(SRCROOT)/Pods/MicrosoftCognitiveServicesSpeech-iOS/MicrosoftCognitiveServicesSpeech.xcframework/ios-arm64_x86_64-simulator";
				SWIFT_VERSION = 6.0;
				TARGETED_DEVICE_FAMILY = 1;
			};
			name = Release;
		};
/* End XCBuildConfiguration section */

/* Begin XCConfigurationList section */
		A1B2C3D4E5F6000000000010 /* Build configuration list for PBXProject "skrivDET" */ = {
			isa = XCConfigurationList;
			buildConfigurations = (
				A1B2C3D4E5F6000000000016 /* Debug */,
				A1B2C3D4E5F6000000000017 /* Release */,
			);
			defaultConfigurationIsVisible = 0;
			defaultConfigurationName = Release;
		};
		A1B2C3D4E5F6000000000012 /* Build configuration list for PBXNativeTarget "skrivDET" */ = {
			isa = XCConfigurationList;
			buildConfigurations = (
				A1B2C3D4E5F6000000000018 /* Debug */,
				A1B2C3D4E5F6000000000019 /* Release */,
			);
			defaultConfigurationIsVisible = 0;
			defaultConfigurationName = Release;
		};
/* End XCConfigurationList section */
	};
	rootObject = A1B2C3D4E5F6000000000001 /* Project object */;
}
